{
  "lockfileVersion": 1,
  "workspaces": {
    "": {
      "dependencies": {
        "@tiptap/react": "^3.0.7",
        "@tiptap/starter-kit": "^3.0.7",
      },
    },
  },
  "packages": {
    "@floating-ui/core": ["@floating-ui/core@1.7.2", "", { "dependencies": { "@floating-ui/utils": "^0.2.10" } }, "sha512-wNB5ooIKHQc+Kui96jE/n69rHFWAVoxn5CAzL1Xdd8FG03cgY3MLO+GF9U3W737fYDSgPWA6MReKhBQBop6Pcw=="],

    "@floating-ui/dom": ["@floating-ui/dom@1.7.2", "", { "dependencies": { "@floating-ui/core": "^1.7.2", "@floating-ui/utils": "^0.2.10" } }, "sha512-7cfaOQuCS27HD7DX+6ib2OrnW+b4ZBwDNnCcT0uTyidcmyWb03FnQqJybDBoCnpdxwBSfA94UAYlRCt7mV+TbA=="],

    "@floating-ui/utils": ["@floating-ui/utils@0.2.10", "", {}, "sha512-aGTxbpbg8/b5JfU1HXSrbH3wXZuLPJcNEcZQFMxLs3oSzgtVu6nFPkbbGGUvBcUjKV2YyB9Wxxabo+HEH9tcRQ=="],

    "@remirror/core-constants": ["@remirror/core-constants@3.0.0", "", {}, "sha512-42aWfPrimMfDKDi4YegyS7x+/0tlzaqwPQCULLanv3DMIlu96KTJR0fM5isWX2UViOqlGnX6YFgqWepcX+XMNg=="],

    "@tiptap/core": ["@tiptap/core@3.0.7", "", { "peerDependencies": { "@tiptap/pm": "^3.0.7" } }, "sha512-/NC0BbekWzi5sC+s7gRrGIv33cUfuiZUG5DWx8TNedA6b6aTFPHUe+2wKRPaPQ0pfGdOWU0nsOkboUJ9dAjl4g=="],

    "@tiptap/extension-blockquote": ["@tiptap/extension-blockquote@3.0.7", "", { "peerDependencies": { "@tiptap/core": "^3.0.7" } }, "sha512-bYJ7r4hYcBZ7GI0LSV0Oxb9rmy/qb0idAf/osvflG2r1tf5CsiW5NYAqlOYAsIVA2OCwXELDlRGCgeKBQ26Kyw=="],

    "@tiptap/extension-bold": ["@tiptap/extension-bold@3.0.7", "", { "peerDependencies": { "@tiptap/core": "^3.0.7" } }, "sha512-CQG07yvrIsScLe5NplAuCkVh0sd97Udv1clAGbqfzeV8YfzpV3M7J/Vb09pWyovx3SjDqfsZpkr3RemeKEPY9Q=="],

    "@tiptap/extension-bubble-menu": ["@tiptap/extension-bubble-menu@3.0.7", "", { "dependencies": { "@floating-ui/dom": "^1.0.0" }, "peerDependencies": { "@tiptap/core": "^3.0.7", "@tiptap/pm": "^3.0.7" } }, "sha512-/oL5kgOHm1AJtyLC6v1+txk/RI9WvI4/gDQ6oWukmT7aQHIfqvCW0DN/ahmX9nxGFAIRlbrooVxLn5Y6/P0adQ=="],

    "@tiptap/extension-bullet-list": ["@tiptap/extension-bullet-list@3.0.7", "", { "peerDependencies": { "@tiptap/extension-list": "^3.0.7" } }, "sha512-9gPc3Tw2Bw7qKLbyW0s05YntE77127pOXQXcclB4I3MXAuz/K03f+DGuSRhOq9K2Oo86BPHdL5I9Ap9cmuS0Tg=="],

    "@tiptap/extension-code": ["@tiptap/extension-code@3.0.7", "", { "peerDependencies": { "@tiptap/core": "^3.0.7" } }, "sha512-6wdUqtXbnIuyKR7xteF2UCnsW2dLNtBKxWvAiOweA7L41HYvburh/tjbkffkNc5KP2XsKzdGbygpunwJMPj6+A=="],

    "@tiptap/extension-code-block": ["@tiptap/extension-code-block@3.0.7", "", { "peerDependencies": { "@tiptap/core": "^3.0.7", "@tiptap/pm": "^3.0.7" } }, "sha512-WifMv7N1G1Fnd2oZ+g80FjBpV/eI/fxHKCK3hw03l8LoWgeFaU/6LC93qTV6idkfia3YwiA6WnuyOqlI0FSZ9A=="],

    "@tiptap/extension-document": ["@tiptap/extension-document@3.0.7", "", { "peerDependencies": { "@tiptap/core": "^3.0.7" } }, "sha512-HJg1nPPZ9fv5oEMwpONeIfT0FjTrgNGuGAat/hgcBi/R2GUNir2/PM/3d6y8QtkR/EgkgcFakCc9azySXLmyUQ=="],

    "@tiptap/extension-dropcursor": ["@tiptap/extension-dropcursor@3.0.7", "", { "peerDependencies": { "@tiptap/extensions": "^3.0.7" } }, "sha512-0i2XWdRgYbj6PEPC+pMcGiF/hwg0jl+MavPt1733qWzoDqMEls9cEBTQ9S4HS0TI/jbN/kNavTQ5LlI33kWrww=="],

    "@tiptap/extension-floating-menu": ["@tiptap/extension-floating-menu@3.0.7", "", { "peerDependencies": { "@floating-ui/dom": "^1.0.0", "@tiptap/core": "^3.0.7", "@tiptap/pm": "^3.0.7" } }, "sha512-JJv9pV8EwTcGe2w/1hMhjAhfmvoCh8ha3Rh/9soWfe8FfwRnQQC6ykqmYWuAx1HDoS+sNYPNUbyDxIwgnbIc+w=="],

    "@tiptap/extension-gapcursor": ["@tiptap/extension-gapcursor@3.0.7", "", { "peerDependencies": { "@tiptap/extensions": "^3.0.7" } }, "sha512-F4ERd5r59WHbY0ALBbrJ/2z9dl+7VSmsMV/ZkzTgq0TZV9KKz3SsCFcCdIZEYzRCEp69/yYtkTofN10xIa+J6A=="],

    "@tiptap/extension-hard-break": ["@tiptap/extension-hard-break@3.0.7", "", { "peerDependencies": { "@tiptap/core": "^3.0.7" } }, "sha512-OWrFrKp9PDs9nKJRmyPX22YoscqmoW25VZYeUfvNcAYtI84xYz871s1JmLZkpxqOyI9TafUADFiaRISDnX5EcA=="],

    "@tiptap/extension-heading": ["@tiptap/extension-heading@3.0.7", "", { "peerDependencies": { "@tiptap/core": "^3.0.7" } }, "sha512-uS7fFcilFuzKEvhUgndELqlGweD+nZeLOb6oqUE5hM49vECjM7qVjVQnlhV+MH2W1w8eD08cn1lu6lDxaMOe5w=="],

    "@tiptap/extension-horizontal-rule": ["@tiptap/extension-horizontal-rule@3.0.7", "", { "peerDependencies": { "@tiptap/core": "^3.0.7", "@tiptap/pm": "^3.0.7" } }, "sha512-m0r4tzfVX3r0ZD7uvDf/GAiVr7lJjYwhZHC+M+JMhYXVI6eB9OXXzhdOIsw9W5QcmhCBaqU+VuPKUusTn4TKLg=="],

    "@tiptap/extension-italic": ["@tiptap/extension-italic@3.0.7", "", { "peerDependencies": { "@tiptap/core": "^3.0.7" } }, "sha512-L05cehSOd7iZWI/igPb90TgQ6RKk2UuuYdatmXff3QUJpYPYct6abcrMb+CeFKJqE9vaXy46dCQkOuPW+bFwkA=="],

    "@tiptap/extension-link": ["@tiptap/extension-link@3.0.7", "", { "dependencies": { "linkifyjs": "^4.2.0" }, "peerDependencies": { "@tiptap/core": "^3.0.7", "@tiptap/pm": "^3.0.7" } }, "sha512-e53MddBSVKpxxQ2JmHfyZQ2VBLwqlZxqwn0DQHFMXyCKTzpdUC0DOtkvrY7OVz6HA3yz29qR+qquQxIxcDPrfg=="],

    "@tiptap/extension-list": ["@tiptap/extension-list@3.0.7", "", { "peerDependencies": { "@tiptap/core": "^3.0.7", "@tiptap/pm": "^3.0.7" } }, "sha512-rwu5dXRO0YLyxndMHI17PoxK0x0ZaMZKRZflqOy8fSnXNwd3Tdy8/6a9tsmpgO38kOZEYuvMVaeB7J/+UeBVLg=="],

    "@tiptap/extension-list-item": ["@tiptap/extension-list-item@3.0.7", "", { "peerDependencies": { "@tiptap/extension-list": "^3.0.7" } }, "sha512-QfW+dtukl5v6oOA1n4wtAYev5yY78nqc2O8jHGZD18xhqNVerh2xBVIH9wOGHPz4q5Em2Ju7xbqXYl0vg2De+w=="],

    "@tiptap/extension-list-keymap": ["@tiptap/extension-list-keymap@3.0.7", "", { "peerDependencies": { "@tiptap/extension-list": "^3.0.7" } }, "sha512-KJWXsyHU8E6SGmlZMHNjSg+XrkmCncJT2l5QGEjTUjlhqwulu+4psTDRio9tCdtepiasTL7qEekGWAhz9wEgzQ=="],

    "@tiptap/extension-ordered-list": ["@tiptap/extension-ordered-list@3.0.7", "", { "peerDependencies": { "@tiptap/extension-list": "^3.0.7" } }, "sha512-F/cbG0vt1cjkoJ4A65E6vpZQizZwnE4gJHKAw3ymDdCoZKYaO4OV1UTo98W/jgryORy/HLO12+hogsRvgRvK9Q=="],

    "@tiptap/extension-paragraph": ["@tiptap/extension-paragraph@3.0.7", "", { "peerDependencies": { "@tiptap/core": "^3.0.7" } }, "sha512-1lp+/CbYmm1ZnR6CNlreUIWCNQk0cBzLVgS5R8SKfVyYaXo11qQq6Yq8URLhpuge4yXkPGMhClwCLzJ9D9R+eg=="],

    "@tiptap/extension-strike": ["@tiptap/extension-strike@3.0.7", "", { "peerDependencies": { "@tiptap/core": "^3.0.7" } }, "sha512-WUCd5CMgS6pg0ZGKXsaxVrnEvO/h6XUehebL0yggAsRKSoGERInR2iLfhU4p1f4zk0cD3ydNLJdqZu0H/MIABw=="],

    "@tiptap/extension-text": ["@tiptap/extension-text@3.0.7", "", { "peerDependencies": { "@tiptap/core": "^3.0.7" } }, "sha512-yf5dNcPLB5SbQ0cQq8qyjiMj9khx4Y4EJoyrDSAok/9zYM3ULqwTPkTSZ2eW6VX/grJeyBVleeBHk1PjJ7NiVw=="],

    "@tiptap/extension-underline": ["@tiptap/extension-underline@3.0.7", "", { "peerDependencies": { "@tiptap/core": "^3.0.7" } }, "sha512-pw2v5kbkovaWaC1G2IxP7g94vmUMlRBzZlCnLEyfFxtGa9LVAsUFlFFWaYJEmq7ZPG/tblWCnFfEZuQqFVd8Sg=="],

    "@tiptap/extensions": ["@tiptap/extensions@3.0.7", "", { "peerDependencies": { "@tiptap/core": "^3.0.7", "@tiptap/pm": "^3.0.7" } }, "sha512-GkXX5l7Q/543BKsC14j8M3qT+75ILb7138zy7cZoHm/s1ztV1XTknpEswBZIRZA9n6qq+Wd9g5qkbR879s6xhA=="],

    "@tiptap/pm": ["@tiptap/pm@3.0.7", "", { "dependencies": { "prosemirror-changeset": "^2.3.0", "prosemirror-collab": "^1.3.1", "prosemirror-commands": "^1.6.2", "prosemirror-dropcursor": "^1.8.1", "prosemirror-gapcursor": "^1.3.2", "prosemirror-history": "^1.4.1", "prosemirror-inputrules": "^1.4.0", "prosemirror-keymap": "^1.2.2", "prosemirror-markdown": "^1.13.1", "prosemirror-menu": "^1.2.4", "prosemirror-model": "^1.24.1", "prosemirror-schema-basic": "^1.2.3", "prosemirror-schema-list": "^1.5.0", "prosemirror-state": "^1.4.3", "prosemirror-tables": "^1.6.4", "prosemirror-trailing-node": "^3.0.0", "prosemirror-transform": "^1.10.2", "prosemirror-view": "^1.38.1" } }, "sha512-f8PnWjYqbMCxny8cyjbFNeIyeOYLECTa/7gj8DJr53Ns+P94b4kYIt/GkveR5KoOxsbmXi8Uc4mjcR1giQPaIQ=="],

    "@tiptap/react": ["@tiptap/react@3.0.7", "", { "dependencies": { "@types/use-sync-external-store": "^0.0.6", "fast-deep-equal": "^3.1.3", "use-sync-external-store": "^1.4.0" }, "optionalDependencies": { "@tiptap/extension-bubble-menu": "^3.0.7", "@tiptap/extension-floating-menu": "^3.0.7" }, "peerDependencies": { "@tiptap/core": "^3.0.7", "@tiptap/pm": "^3.0.7", "react": "^17.0.0 || ^18.0.0 || ^19.0.0", "react-dom": "^17.0.0 || ^18.0.0 || ^19.0.0" } }, "sha512-d7uq4KHi52DsN4dRYY5p1ei+uaAq0h+xUUOW9JxPspe2/xM88ZmvKBZIYlqyWix0CGx7BRNmCDLcP6toOmW/MQ=="],

    "@tiptap/starter-kit": ["@tiptap/starter-kit@3.0.7", "", { "dependencies": { "@tiptap/core": "^3.0.7", "@tiptap/extension-blockquote": "^3.0.7", "@tiptap/extension-bold": "^3.0.7", "@tiptap/extension-bullet-list": "^3.0.7", "@tiptap/extension-code": "^3.0.7", "@tiptap/extension-code-block": "^3.0.7", "@tiptap/extension-document": "^3.0.7", "@tiptap/extension-dropcursor": "^3.0.7", "@tiptap/extension-gapcursor": "^3.0.7", "@tiptap/extension-hard-break": "^3.0.7", "@tiptap/extension-heading": "^3.0.7", "@tiptap/extension-horizontal-rule": "^3.0.7", "@tiptap/extension-italic": "^3.0.7", "@tiptap/extension-link": "^3.0.7", "@tiptap/extension-list": "^3.0.7", "@tiptap/extension-list-item": "^3.0.7", "@tiptap/extension-list-keymap": "^3.0.7", "@tiptap/extension-ordered-list": "^3.0.7", "@tiptap/extension-paragraph": "^3.0.7", "@tiptap/extension-strike": "^3.0.7", "@tiptap/extension-text": "^3.0.7", "@tiptap/extension-underline": "^3.0.7", "@tiptap/extensions": "^3.0.7", "@tiptap/pm": "^3.0.7" } }, "sha512-oTHZp6GXQQaZfZi8Fh7klH2YUeGq73XPF35CFw41mwdWdUUUms3ipaCKFqUyEYO21JMf3pZylJLxUucx5U7isg=="],

    "@types/linkify-it": ["@types/linkify-it@5.0.0", "", {}, "sha512-sVDA58zAw4eWAffKOaQH5/5j3XeayukzDk+ewSsnv3p4yJEZHCCzMDiZM8e0OUrRvmpGZ85jf4yDHkHsgBNr9Q=="],

    "@types/markdown-it": ["@types/markdown-it@14.1.2", "", { "dependencies": { "@types/linkify-it": "^5", "@types/mdurl": "^2" } }, "sha512-promo4eFwuiW+TfGxhi+0x3czqTYJkG8qB17ZUJiVF10Xm7NLVRSLUsfRTU/6h1e24VvRnXCx+hG7li58lkzog=="],

    "@types/mdurl": ["@types/mdurl@2.0.0", "", {}, "sha512-RGdgjQUZba5p6QEFAVx2OGb8rQDL/cPRG7GiedRzMcJ1tYnUANBncjbSB1NRGwbvjcPeikRABz2nshyPk1bhWg=="],

    "@types/use-sync-external-store": ["@types/use-sync-external-store@0.0.6", "", {}, "sha512-zFDAD+tlpf2r4asuHEj0XH6pY6i0g5NeAHPn+15wk3BV6JA69eERFXC1gyGThDkVa1zCyKr5jox1+2LbV/AMLg=="],

    "argparse": ["argparse@2.0.1", "", {}, "sha512-8+9WqebbFzpX9OR+Wa6O29asIogeRMzcGtAINdpMHHyAg10f05aSFVBbcEqGf/PXw1EjAZ+q2/bEBg3DvurK3Q=="],

    "crelt": ["crelt@1.0.6", "", {}, "sha512-VQ2MBenTq1fWZUH9DJNGti7kKv6EeAuYr3cLwxUWhIu1baTaXh4Ib5W2CqHVqib4/MqbYGJqiL3Zb8GJZr3l4g=="],

    "entities": ["entities@4.5.0", "", {}, "sha512-V0hjH4dGPh9Ao5p0MoRY6BVqtwCjhz6vI5LT8AJ55H+4g9/4vbHx1I54fS0XuclLhDHArPQCiMjDxjaL8fPxhw=="],

    "escape-string-regexp": ["escape-string-regexp@4.0.0", "", {}, "sha512-TtpcNJ3XAzx3Gq8sWRzJaVajRs0uVxA2YAkdb1jm2YkPz4G6egUFAyA3n5vtEIZefPk5Wa4UXbKuS5fKkJWdgA=="],

    "fast-deep-equal": ["fast-deep-equal@3.1.3", "", {}, "sha512-f3qQ9oQy9j2AhBe/H9VC91wLmKBCCU/gDOnKNAYG5hswO7BLKj09Hc5HYNz9cGI++xlpDCIgDaitVs03ATR84Q=="],

    "linkify-it": ["linkify-it@5.0.0", "", { "dependencies": { "uc.micro": "^2.0.0" } }, "sha512-5aHCbzQRADcdP+ATqnDuhhJ/MRIqDkZX5pyjFHRRysS8vZ5AbqGEoFIb6pYHPZ+L/OC2Lc+xT8uHVVR5CAK/wQ=="],

    "linkifyjs": ["linkifyjs@4.3.1", "", {}, "sha512-DRSlB9DKVW04c4SUdGvKK5FR6be45lTU9M76JnngqPeeGDqPwYc0zdUErtsNVMtxPXgUWV4HbXbnC4sNyBxkYg=="],

    "markdown-it": ["markdown-it@14.1.0", "", { "dependencies": { "argparse": "^2.0.1", "entities": "^4.4.0", "linkify-it": "^5.0.0", "mdurl": "^2.0.0", "punycode.js": "^2.3.1", "uc.micro": "^2.1.0" }, "bin": { "markdown-it": "bin/markdown-it.mjs" } }, "sha512-a54IwgWPaeBCAAsv13YgmALOF1elABB08FxO9i+r4VFk5Vl4pKokRPeX8u5TCgSsPi6ec1otfLjdOpVcgbpshg=="],

    "mdurl": ["mdurl@2.0.0", "", {}, "sha512-Lf+9+2r+Tdp5wXDXC4PcIBjTDtq4UKjCPMQhKIuzpJNW0b96kVqSwW0bT7FhRSfmAiFYgP+SCRvdrDozfh0U5w=="],

    "orderedmap": ["orderedmap@2.1.1", "", {}, "sha512-TvAWxi0nDe1j/rtMcWcIj94+Ffe6n7zhow33h40SKxmsmozs6dz/e+EajymfoFcHd7sxNn8yHM8839uixMOV6g=="],

    "prosemirror-changeset": ["prosemirror-changeset@2.3.1", "", { "dependencies": { "prosemirror-transform": "^1.0.0" } }, "sha512-j0kORIBm8ayJNl3zQvD1TTPHJX3g042et6y/KQhZhnPrruO8exkTgG8X+NRpj7kIyMMEx74Xb3DyMIBtO0IKkQ=="],

    "prosemirror-collab": ["prosemirror-collab@1.3.1", "", { "dependencies": { "prosemirror-state": "^1.0.0" } }, "sha512-4SnynYR9TTYaQVXd/ieUvsVV4PDMBzrq2xPUWutHivDuOshZXqQ5rGbZM84HEaXKbLdItse7weMGOUdDVcLKEQ=="],

    "prosemirror-commands": ["prosemirror-commands@1.7.1", "", { "dependencies": { "prosemirror-model": "^1.0.0", "prosemirror-state": "^1.0.0", "prosemirror-transform": "^1.10.2" } }, "sha512-rT7qZnQtx5c0/y/KlYaGvtG411S97UaL6gdp6RIZ23DLHanMYLyfGBV5DtSnZdthQql7W+lEVbpSfwtO8T+L2w=="],

    "prosemirror-dropcursor": ["prosemirror-dropcursor@1.8.2", "", { "dependencies": { "prosemirror-state": "^1.0.0", "prosemirror-transform": "^1.1.0", "prosemirror-view": "^1.1.0" } }, "sha512-CCk6Gyx9+Tt2sbYk5NK0nB1ukHi2ryaRgadV/LvyNuO3ena1payM2z6Cg0vO1ebK8cxbzo41ku2DE5Axj1Zuiw=="],

    "prosemirror-gapcursor": ["prosemirror-gapcursor@1.3.2", "", { "dependencies": { "prosemirror-keymap": "^1.0.0", "prosemirror-model": "^1.0.0", "prosemirror-state": "^1.0.0", "prosemirror-view": "^1.0.0" } }, "sha512-wtjswVBd2vaQRrnYZaBCbyDqr232Ed4p2QPtRIUK5FuqHYKGWkEwl08oQM4Tw7DOR0FsasARV5uJFvMZWxdNxQ=="],

    "prosemirror-history": ["prosemirror-history@1.4.1", "", { "dependencies": { "prosemirror-state": "^1.2.2", "prosemirror-transform": "^1.0.0", "prosemirror-view": "^1.31.0", "rope-sequence": "^1.3.0" } }, "sha512-2JZD8z2JviJrboD9cPuX/Sv/1ChFng+xh2tChQ2X4bB2HeK+rra/bmJ3xGntCcjhOqIzSDG6Id7e8RJ9QPXLEQ=="],

    "prosemirror-inputrules": ["prosemirror-inputrules@1.5.0", "", { "dependencies": { "prosemirror-state": "^1.0.0", "prosemirror-transform": "^1.0.0" } }, "sha512-K0xJRCmt+uSw7xesnHmcn72yBGTbY45vm8gXI4LZXbx2Z0jwh5aF9xrGQgrVPu0WbyFVFF3E/o9VhJYz6SQWnA=="],

    "prosemirror-keymap": ["prosemirror-keymap@1.2.3", "", { "dependencies": { "prosemirror-state": "^1.0.0", "w3c-keyname": "^2.2.0" } }, "sha512-4HucRlpiLd1IPQQXNqeo81BGtkY8Ai5smHhKW9jjPKRc2wQIxksg7Hl1tTI2IfT2B/LgX6bfYvXxEpJl7aKYKw=="],

    "prosemirror-markdown": ["prosemirror-markdown@1.13.2", "", { "dependencies": { "@types/markdown-it": "^14.0.0", "markdown-it": "^14.0.0", "prosemirror-model": "^1.25.0" } }, "sha512-FPD9rHPdA9fqzNmIIDhhnYQ6WgNoSWX9StUZ8LEKapaXU9i6XgykaHKhp6XMyXlOWetmaFgGDS/nu/w9/vUc5g=="],

    "prosemirror-menu": ["prosemirror-menu@1.2.5", "", { "dependencies": { "crelt": "^1.0.0", "prosemirror-commands": "^1.0.0", "prosemirror-history": "^1.0.0", "prosemirror-state": "^1.0.0" } }, "sha512-qwXzynnpBIeg1D7BAtjOusR+81xCp53j7iWu/IargiRZqRjGIlQuu1f3jFi+ehrHhWMLoyOQTSRx/IWZJqOYtQ=="],

    "prosemirror-model": ["prosemirror-model@1.25.2", "", { "dependencies": { "orderedmap": "^2.0.0" } }, "sha512-BVypCAJ4SL6jOiTsDffP3Wp6wD69lRhI4zg/iT8JXjp3ccZFiq5WyguxvMKmdKFC3prhaig7wSr8dneDToHE1Q=="],

    "prosemirror-schema-basic": ["prosemirror-schema-basic@1.2.4", "", { "dependencies": { "prosemirror-model": "^1.25.0" } }, "sha512-ELxP4TlX3yr2v5rM7Sb70SqStq5NvI15c0j9j/gjsrO5vaw+fnnpovCLEGIcpeGfifkuqJwl4fon6b+KdrODYQ=="],

    "prosemirror-schema-list": ["prosemirror-schema-list@1.5.1", "", { "dependencies": { "prosemirror-model": "^1.0.0", "prosemirror-state": "^1.0.0", "prosemirror-transform": "^1.7.3" } }, "sha512-927lFx/uwyQaGwJxLWCZRkjXG0p48KpMj6ueoYiu4JX05GGuGcgzAy62dfiV8eFZftgyBUvLx76RsMe20fJl+Q=="],

    "prosemirror-state": ["prosemirror-state@1.4.3", "", { "dependencies": { "prosemirror-model": "^1.0.0", "prosemirror-transform": "^1.0.0", "prosemirror-view": "^1.27.0" } }, "sha512-goFKORVbvPuAQaXhpbemJFRKJ2aixr+AZMGiquiqKxaucC6hlpHNZHWgz5R7dS4roHiwq9vDctE//CZ++o0W1Q=="],

    "prosemirror-tables": ["prosemirror-tables@1.7.1", "", { "dependencies": { "prosemirror-keymap": "^1.2.2", "prosemirror-model": "^1.25.0", "prosemirror-state": "^1.4.3", "prosemirror-transform": "^1.10.3", "prosemirror-view": "^1.39.1" } }, "sha512-eRQ97Bf+i9Eby99QbyAiyov43iOKgWa7QCGly+lrDt7efZ1v8NWolhXiB43hSDGIXT1UXgbs4KJN3a06FGpr1Q=="],

    "prosemirror-trailing-node": ["prosemirror-trailing-node@3.0.0", "", { "dependencies": { "@remirror/core-constants": "3.0.0", "escape-string-regexp": "^4.0.0" }, "peerDependencies": { "prosemirror-model": "^1.22.1", "prosemirror-state": "^1.4.2", "prosemirror-view": "^1.33.8" } }, "sha512-xiun5/3q0w5eRnGYfNlW1uU9W6x5MoFKWwq/0TIRgt09lv7Hcser2QYV8t4muXbEr+Fwo0geYn79Xs4GKywrRQ=="],

    "prosemirror-transform": ["prosemirror-transform@1.10.4", "", { "dependencies": { "prosemirror-model": "^1.21.0" } }, "sha512-pwDy22nAnGqNR1feOQKHxoFkkUtepoFAd3r2hbEDsnf4wp57kKA36hXsB3njA9FtONBEwSDnDeCiJe+ItD+ykw=="],

    "prosemirror-view": ["prosemirror-view@1.40.1", "", { "dependencies": { "prosemirror-model": "^1.20.0", "prosemirror-state": "^1.0.0", "prosemirror-transform": "^1.1.0" } }, "sha512-pbwUjt3G7TlsQQHDiYSupWBhJswpLVB09xXm1YiJPdkjkh9Pe7Y51XdLh5VWIZmROLY8UpUpG03lkdhm9lzIBA=="],

    "punycode.js": ["punycode.js@2.3.1", "", {}, "sha512-uxFIHU0YlHYhDQtV4R9J6a52SLx28BCjT+4ieh7IGbgwVJWO+km431c4yRlREUAsAmt/uMjQUyQHNEPf0M39CA=="],

    "react": ["react@19.1.0", "", {}, "sha512-FS+XFBNvn3GTAWq26joslQgWNoFu08F4kl0J4CgdNKADkdSGXQyTCnKteIAJy96Br6YbpEU1LSzV5dYtjMkMDg=="],

    "react-dom": ["react-dom@19.1.0", "", { "dependencies": { "scheduler": "^0.26.0" }, "peerDependencies": { "react": "^19.1.0" } }, "sha512-Xs1hdnE+DyKgeHJeJznQmYMIBG3TKIHJJT95Q58nHLSrElKlGQqDTR2HQ9fx5CN/Gk6Vh/kupBTDLU11/nDk/g=="],

    "rope-sequence": ["rope-sequence@1.3.4", "", {}, "sha512-UT5EDe2cu2E/6O4igUr5PSFs23nvvukicWHx6GnOPlHAiiYbzNuCRQCuiUdHJQcqKalLKlrYJnjY0ySGsXNQXQ=="],

    "scheduler": ["scheduler@0.26.0", "", {}, "sha512-NlHwttCI/l5gCPR3D1nNXtWABUmBwvZpEQiD4IXSbIDq8BzLIK/7Ir5gTFSGZDUu37K5cMNp0hFtzO38sC7gWA=="],

    "uc.micro": ["uc.micro@2.1.0", "", {}, "sha512-ARDJmphmdvUk6Glw7y9DQ2bFkKBHwQHLi2lsaH6PPmz/Ka9sFOBsBluozhDltWmnv9u/cF6Rt87znRTPV+yp/A=="],

    "use-sync-external-store": ["use-sync-external-store@1.5.0", "", { "peerDependencies": { "react": "^16.8.0 || ^17.0.0 || ^18.0.0 || ^19.0.0" } }, "sha512-Rb46I4cGGVBmjamjphe8L/UnvJD+uPPtTkNvX5mZgqdbavhI4EbgIWJiIHXJ8bc/i9EQGPRh4DwEURJ552Do0A=="],

    "w3c-keyname": ["w3c-keyname@2.2.8", "", {}, "sha512-dpojBhNsCNN7T82Tm7k26A6G9ML3NkhDsnw9n/eoxSRlVBB4CEtIQ/KTCLI2Fwf3ataSXRhYFkQi3SlnFwPvPQ=="],
  }
}
